
Microsoft Visual Studio Solution File, Format Version 10.00
# Visual Studio 2008
Project("{FAE04EC0-301F-11D3-BF4B-00C04F79EFBC}") = "RX-FFT", "RX-FFT\RX-FFT.csproj", "{09A5A19D-B824-40C2-86ED-766A93037DB8}"
EndProject
Project("{FAE04EC0-301F-11D3-BF4B-00C04F79EFBC}") = "GMSK Demodulator", "GMSK Demodulator\GMSK Demodulator.csproj", "{59507C8F-E1C5-4763-8C73-DA2920FD1651}"
EndProject
Project("{FAE04EC0-301F-11D3-BF4B-00C04F79EFBC}") = "LibRXFFT", "LibRXFFT\LibRXFFT.csproj", "{76F54DCE-B3C0-45E0-9C6F-492F396F3924}"
EndProject
Project("{FAE04EC0-301F-11D3-BF4B-00C04F79EFBC}") = "GSM Analyzer", "GSM Analyzer\GSM Analyzer.csproj", "{45BC713D-FD06-448C-982A-B4470586AAC7}"
EndProject
Project("{FAE04EC0-301F-11D3-BF4B-00C04F79EFBC}") = "GaussGenerator", "GaussGenerator\GaussGenerator.csproj", "{CBCE866B-2955-4C0F-A7B5-374E8E4573C6}"
EndProject
Project("{FAE04EC0-301F-11D3-BF4B-00C04F79EFBC}") = "DirectXTest", "DirectXTest\DirectXTest.csproj", "{D5129CDD-3168-41EF-B293-368784C5D243}"
EndProject
Global
	GlobalSection(SolutionConfigurationPlatforms) = preSolution
		Debug|Any CPU = Debug|Any CPU
		Debug|x64 = Debug|x64
		Debug|x86 = Debug|x86
		Release|Any CPU = Release|Any CPU
		Release|x64 = Release|x64
		Release|x86 = Release|x86
	EndGlobalSection
	GlobalSection(ProjectConfigurationPlatforms) = postSolution
		{09A5A19D-B824-40C2-86ED-766A93037DB8}.Debug|Any CPU.ActiveCfg = Debug|Any CPU
		{09A5A19D-B824-40C2-86ED-766A93037DB8}.Debug|Any CPU.Build.0 = Debug|Any CPU
		{09A5A19D-B824-40C2-86ED-766A93037DB8}.Debug|x64.ActiveCfg = Debug|x64
		{09A5A19D-B824-40C2-86ED-766A93037DB8}.Debug|x64.Build.0 = Debug|x64
		{09A5A19D-B824-40C2-86ED-766A93037DB8}.Debug|x86.ActiveCfg = Debug|x86
		{09A5A19D-B824-40C2-86ED-766A93037DB8}.Debug|x86.Build.0 = Debug|x86
		{09A5A19D-B824-40C2-86ED-766A93037DB8}.Release|Any CPU.ActiveCfg = Release|Any CPU
		{09A5A19D-B824-40C2-86ED-766A93037DB8}.Release|Any CPU.Build.0 = Release|Any CPU
		{09A5A19D-B824-40C2-86ED-766A93037DB8}.Release|x64.ActiveCfg = Release|x64
		{09A5A19D-B824-40C2-86ED-766A93037DB8}.Release|x64.Build.0 = Release|x64
		{09A5A19D-B824-40C2-86ED-766A93037DB8}.Release|x86.ActiveCfg = Release|x86
		{09A5A19D-B824-40C2-86ED-766A93037DB8}.Release|x86.Build.0 = Release|x86
		{59507C8F-E1C5-4763-8C73-DA2920FD1651}.Debug|Any CPU.ActiveCfg = Debug|Any CPU
		{59507C8F-E1C5-4763-8C73-DA2920FD1651}.Debug|Any CPU.Build.0 = Debug|Any CPU
		{59507C8F-E1C5-4763-8C73-DA2920FD1651}.Debug|x64.ActiveCfg = Debug|x64
		{59507C8F-E1C5-4763-8C73-DA2920FD1651}.Debug|x64.Build.0 = Debug|x64
		{59507C8F-E1C5-4763-8C73-DA2920FD1651}.Debug|x86.ActiveCfg = Debug|x86
		{59507C8F-E1C5-4763-8C73-DA2920FD1651}.Debug|x86.Build.0 = Debug|x86
		{59507C8F-E1C5-4763-8C73-DA2920FD1651}.Release|Any CPU.ActiveCfg = Release|Any CPU
		{59507C8F-E1C5-4763-8C73-DA2920FD1651}.Release|Any CPU.Build.0 = Release|Any CPU
		{59507C8F-E1C5-4763-8C73-DA2920FD1651}.Release|x64.ActiveCfg = Release|x64
		{59507C8F-E1C5-4763-8C73-DA2920FD1651}.Release|x64.Build.0 = Release|x64
		{59507C8F-E1C5-4763-8C73-DA2920FD1651}.Release|x86.ActiveCfg = Release|x86
		{59507C8F-E1C5-4763-8C73-DA2920FD1651}.Release|x86.Build.0 = Release|x86
		{76F54DCE-B3C0-45E0-9C6F-492F396F3924}.Debug|Any CPU.ActiveCfg = Debug|Any CPU
		{76F54DCE-B3C0-45E0-9C6F-492F396F3924}.Debug|Any CPU.Build.0 = Debug|Any CPU
		{76F54DCE-B3C0-45E0-9C6F-492F396F3924}.Debug|x64.ActiveCfg = Debug|x64
		{76F54DCE-B3C0-45E0-9C6F-492F396F3924}.Debug|x64.Build.0 = Debug|x64
		{76F54DCE-B3C0-45E0-9C6F-492F396F3924}.Debug|x86.ActiveCfg = Debug|x86
		{76F54DCE-B3C0-45E0-9C6F-492F396F3924}.Debug|x86.Build.0 = Debug|x86
		{76F54DCE-B3C0-45E0-9C6F-492F396F3924}.Release|Any CPU.ActiveCfg = Release|Any CPU
		{76F54DCE-B3C0-45E0-9C6F-492F396F3924}.Release|Any CPU.Build.0 = Release|Any CPU
		{76F54DCE-B3C0-45E0-9C6F-492F396F3924}.Release|x64.ActiveCfg = Release|x64
		{76F54DCE-B3C0-45E0-9C6F-492F396F3924}.Release|x64.Build.0 = Release|x64
		{76F54DCE-B3C0-45E0-9C6F-492F396F3924}.Release|x86.ActiveCfg = Release|x86
		{76F54DCE-B3C0-45E0-9C6F-492F396F3924}.Release|x86.Build.0 = Release|x86
		{45BC713D-FD06-448C-982A-B4470586AAC7}.Debug|Any CPU.ActiveCfg = Debug|Any CPU
		{45BC713D-FD06-448C-982A-B4470586AAC7}.Debug|Any CPU.Build.0 = Debug|Any CPU
		{45BC713D-FD06-448C-982A-B4470586AAC7}.Debug|x64.ActiveCfg = Debug|x64
		{45BC713D-FD06-448C-982A-B4470586AAC7}.Debug|x64.Build.0 = Debug|x64
		{45BC713D-FD06-448C-982A-B4470586AAC7}.Debug|x86.ActiveCfg = Debug|x86
		{45BC713D-FD06-448C-982A-B4470586AAC7}.Debug|x86.Build.0 = Debug|x86
		{45BC713D-FD06-448C-982A-B4470586AAC7}.Release|Any CPU.ActiveCfg = Release|Any CPU
		{45BC713D-FD06-448C-982A-B4470586AAC7}.Release|Any CPU.Build.0 = Release|Any CPU
		{45BC713D-FD06-448C-982A-B4470586AAC7}.Release|x64.ActiveCfg = Release|x64
		{45BC713D-FD06-448C-982A-B4470586AAC7}.Release|x64.Build.0 = Release|x64
		{45BC713D-FD06-448C-982A-B4470586AAC7}.Release|x86.ActiveCfg = Release|x86
		{45BC713D-FD06-448C-982A-B4470586AAC7}.Release|x86.Build.0 = Release|x86
		{CBCE866B-2955-4C0F-A7B5-374E8E4573C6}.Debug|Any CPU.ActiveCfg = Debug|Any CPU
		{CBCE866B-2955-4C0F-A7B5-374E8E4573C6}.Debug|Any CPU.Build.0 = Debug|Any CPU
		{CBCE866B-2955-4C0F-A7B5-374E8E4573C6}.Debug|x64.ActiveCfg = Debug|x64
		{CBCE866B-2955-4C0F-A7B5-374E8E4573C6}.Debug|x64.Build.0 = Debug|x64
		{CBCE866B-2955-4C0F-A7B5-374E8E4573C6}.Debug|x86.ActiveCfg = Debug|x86
		{CBCE866B-2955-4C0F-A7B5-374E8E4573C6}.Debug|x86.Build.0 = Debug|x86
		{CBCE866B-2955-4C0F-A7B5-374E8E4573C6}.Release|Any CPU.ActiveCfg = Release|Any CPU
		{CBCE866B-2955-4C0F-A7B5-374E8E4573C6}.Release|Any CPU.Build.0 = Release|Any CPU
		{CBCE866B-2955-4C0F-A7B5-374E8E4573C6}.Release|x64.ActiveCfg = Release|x64
		{CBCE866B-2955-4C0F-A7B5-374E8E4573C6}.Release|x64.Build.0 = Release|x64
		{CBCE866B-2955-4C0F-A7B5-374E8E4573C6}.Release|x86.ActiveCfg = Release|x86
		{CBCE866B-2955-4C0F-A7B5-374E8E4573C6}.Release|x86.Build.0 = Release|x86
		{D5129CDD-3168-41EF-B293-368784C5D243}.Debug|Any CPU.ActiveCfg = Debug|Any CPU
		{D5129CDD-3168-41EF-B293-368784C5D243}.Debug|Any CPU.Build.0 = Debug|Any CPU
		{D5129CDD-3168-41EF-B293-368784C5D243}.Debug|x64.ActiveCfg = Debug|x64
		{D5129CDD-3168-41EF-B293-368784C5D243}.Debug|x86.ActiveCfg = Debug|x86
		{D5129CDD-3168-41EF-B293-368784C5D243}.Release|Any CPU.ActiveCfg = Release|Any CPU
		{D5129CDD-3168-41EF-B293-368784C5D243}.Release|Any CPU.Build.0 = Release|Any CPU
		{D5129CDD-3168-41EF-B293-368784C5D243}.Release|x64.ActiveCfg = Release|Any CPU
		{D5129CDD-3168-41EF-B293-368784C5D243}.Release|x86.ActiveCfg = Release|Any CPU
	EndGlobalSection
	GlobalSection(SolutionProperties) = preSolution
		HideSolutionNode = FALSE
	EndGlobalSection
EndGlobal
