
Microsoft Visual Studio Solution File, Format Version 12.00
# Visual Studio Express 2013 for Windows Desktop
VisualStudioVersion = 12.0.30723.0
MinimumVisualStudioVersion = 10.0.40219.1
Project("{FAE04EC0-301F-11D3-BF4B-00C04F79EFBC}") = "RX-FFT", "RX-FFT\RX-FFT.csproj", "{09A5A19D-B824-40C2-86ED-766A93037DB8}"
EndProject
Project("{FAE04EC0-301F-11D3-BF4B-00C04F79EFBC}") = "GMSK Demodulator", "GMSK Demodulator\GMSK Demodulator.csproj", "{59507C8F-E1C5-4763-8C73-DA2920FD1651}"
EndProject
Project("{FAE04EC0-301F-11D3-BF4B-00C04F79EFBC}") = "LibRXFFT", "LibRXFFT\LibRXFFT.csproj", "{76F54DCE-B3C0-45E0-9C6F-492F396F3924}"
EndProject
Project("{FAE04EC0-301F-11D3-BF4B-00C04F79EFBC}") = "GSM Analyzer", "GSM Analyzer\GSM Analyzer.csproj", "{45BC713D-FD06-448C-982A-B4470586AAC7}"
EndProject
Project("{FAE04EC0-301F-11D3-BF4B-00C04F79EFBC}") = "GaussGenerator", "GaussGenerator\GaussGenerator.csproj", "{CBCE866B-2955-4C0F-A7B5-374E8E4573C6}"
EndProject
Project("{FAE04EC0-301F-11D3-BF4B-00C04F79EFBC}") = "DemodulatorCollection", "DemodulatorCollection\DemodulatorCollection.csproj", "{94C8BE6D-3A0B-4971-9E5B-680A991D75AD}"
EndProject
Project("{FAE04EC0-301F-11D3-BF4B-00C04F79EFBC}") = "RX-Oscilloscope", "RX-Oscilloscope\RX-Oscilloscope.csproj", "{11C21A01-4ABE-47AD-A0F8-55C6183BA4B9}"
EndProject
Project("{FAE04EC0-301F-11D3-BF4B-00C04F79EFBC}") = "RX-Setup", "RX-Setup\RX-Setup.csproj", "{D3FBDF96-9334-45F3-AC8A-A0299EE235E0}"
EndProject
Project("{FAE04EC0-301F-11D3-BF4B-00C04F79EFBC}") = "RX-Analyzer", "RX-Analyzer\RX-Analyzer.csproj", "{8F3F3BF1-F9F2-4F44-BC50-55D8B441A2EB}"
EndProject
Project("{FAE04EC0-301F-11D3-BF4B-00C04F79EFBC}") = "RX-Radio", "RX-Radio\RX-Radio.csproj", "{9323DF8C-3D42-4F56-AAD4-7A0F407D5190}"
EndProject
Project("{FAE04EC0-301F-11D3-BF4B-00C04F79EFBC}") = "FirmwarePreloader", "FirmwarePreloader\FirmwarePreloader.csproj", "{B8F6A1FE-09D1-45C8-8062-B2AFB5E688DB}"
EndProject
Project("{FAE04EC0-301F-11D3-BF4B-00C04F79EFBC}") = "SIMAuthDaemon", "SIMAuthDaemon\SIMAuthDaemon.csproj", "{D6E9A097-BA4D-4641-B4D0-73EA307B9604}"
EndProject
Project("{FAE04EC0-301F-11D3-BF4B-00C04F79EFBC}") = "AORemote", "AORemote\AORemote.csproj", "{FC08AFC9-6B10-4170-9A79-73A01B47CDF9}"
EndProject
Project("{8BC9CEB8-8B4A-11D0-8D11-00A0C91BC942}") = "LibRXFFT_native", "LibRXFFT_native\LibRXFFT_native.vcxproj", "{10DE60EF-D6C1-4D92-A6C3-149E81960879}"
EndProject
Global
	GlobalSection(SolutionConfigurationPlatforms) = preSolution
		Debug|Any CPU = Debug|Any CPU
		Debug|Mixed Platforms = Debug|Mixed Platforms
		Debug|Win32 = Debug|Win32
		Debug|x64 = Debug|x64
		Debug|x86 = Debug|x86
		Release|Any CPU = Release|Any CPU
		Release|Mixed Platforms = Release|Mixed Platforms
		Release|Win32 = Release|Win32
		Release|x64 = Release|x64
		Release|x86 = Release|x86
	EndGlobalSection
	GlobalSection(ProjectConfigurationPlatforms) = postSolution
		{09A5A19D-B824-40C2-86ED-766A93037DB8}.Debug|Any CPU.ActiveCfg = Release|x86
		{09A5A19D-B824-40C2-86ED-766A93037DB8}.Debug|Any CPU.Build.0 = Debug|Any CPU
		{09A5A19D-B824-40C2-86ED-766A93037DB8}.Debug|Mixed Platforms.ActiveCfg = Release|x86
		{09A5A19D-B824-40C2-86ED-766A93037DB8}.Debug|Mixed Platforms.Build.0 = Debug|x86
		{09A5A19D-B824-40C2-86ED-766A93037DB8}.Debug|Win32.ActiveCfg = Release|x86
		{09A5A19D-B824-40C2-86ED-766A93037DB8}.Debug|x64.ActiveCfg = Release|x86
		{09A5A19D-B824-40C2-86ED-766A93037DB8}.Debug|x64.Build.0 = Debug|x64
		{09A5A19D-B824-40C2-86ED-766A93037DB8}.Debug|x86.ActiveCfg = Debug|x86
		{09A5A19D-B824-40C2-86ED-766A93037DB8}.Debug|x86.Build.0 = Debug|x86
		{09A5A19D-B824-40C2-86ED-766A93037DB8}.Release|Any CPU.ActiveCfg = Release|x86
		{09A5A19D-B824-40C2-86ED-766A93037DB8}.Release|Any CPU.Build.0 = Release|Any CPU
		{09A5A19D-B824-40C2-86ED-766A93037DB8}.Release|Mixed Platforms.ActiveCfg = Release|x86
		{09A5A19D-B824-40C2-86ED-766A93037DB8}.Release|Mixed Platforms.Build.0 = Release|x86
		{09A5A19D-B824-40C2-86ED-766A93037DB8}.Release|Win32.ActiveCfg = Release|x86
		{09A5A19D-B824-40C2-86ED-766A93037DB8}.Release|x64.ActiveCfg = Release|x86
		{09A5A19D-B824-40C2-86ED-766A93037DB8}.Release|x64.Build.0 = Release|x64
		{09A5A19D-B824-40C2-86ED-766A93037DB8}.Release|x86.ActiveCfg = Release|x86
		{09A5A19D-B824-40C2-86ED-766A93037DB8}.Release|x86.Build.0 = Release|x86
		{59507C8F-E1C5-4763-8C73-DA2920FD1651}.Debug|Any CPU.ActiveCfg = Release|x86
		{59507C8F-E1C5-4763-8C73-DA2920FD1651}.Debug|Any CPU.Build.0 = Debug|Any CPU
		{59507C8F-E1C5-4763-8C73-DA2920FD1651}.Debug|Mixed Platforms.ActiveCfg = Release|x86
		{59507C8F-E1C5-4763-8C73-DA2920FD1651}.Debug|Mixed Platforms.Build.0 = Debug|x86
		{59507C8F-E1C5-4763-8C73-DA2920FD1651}.Debug|Win32.ActiveCfg = Release|x86
		{59507C8F-E1C5-4763-8C73-DA2920FD1651}.Debug|x64.ActiveCfg = Release|x86
		{59507C8F-E1C5-4763-8C73-DA2920FD1651}.Debug|x64.Build.0 = Debug|x64
		{59507C8F-E1C5-4763-8C73-DA2920FD1651}.Debug|x86.ActiveCfg = Debug|x86
		{59507C8F-E1C5-4763-8C73-DA2920FD1651}.Debug|x86.Build.0 = Debug|x86
		{59507C8F-E1C5-4763-8C73-DA2920FD1651}.Release|Any CPU.ActiveCfg = Release|x86
		{59507C8F-E1C5-4763-8C73-DA2920FD1651}.Release|Any CPU.Build.0 = Release|Any CPU
		{59507C8F-E1C5-4763-8C73-DA2920FD1651}.Release|Mixed Platforms.ActiveCfg = Release|x86
		{59507C8F-E1C5-4763-8C73-DA2920FD1651}.Release|Mixed Platforms.Build.0 = Release|x86
		{59507C8F-E1C5-4763-8C73-DA2920FD1651}.Release|Win32.ActiveCfg = Release|x86
		{59507C8F-E1C5-4763-8C73-DA2920FD1651}.Release|x64.ActiveCfg = Release|x86
		{59507C8F-E1C5-4763-8C73-DA2920FD1651}.Release|x64.Build.0 = Release|x64
		{59507C8F-E1C5-4763-8C73-DA2920FD1651}.Release|x86.ActiveCfg = Release|x86
		{59507C8F-E1C5-4763-8C73-DA2920FD1651}.Release|x86.Build.0 = Release|x86
		{76F54DCE-B3C0-45E0-9C6F-492F396F3924}.Debug|Any CPU.ActiveCfg = Release|x86
		{76F54DCE-B3C0-45E0-9C6F-492F396F3924}.Debug|Any CPU.Build.0 = Debug|Any CPU
		{76F54DCE-B3C0-45E0-9C6F-492F396F3924}.Debug|Mixed Platforms.ActiveCfg = Release|x86
		{76F54DCE-B3C0-45E0-9C6F-492F396F3924}.Debug|Mixed Platforms.Build.0 = Debug|x86
		{76F54DCE-B3C0-45E0-9C6F-492F396F3924}.Debug|Win32.ActiveCfg = Release|x86
		{76F54DCE-B3C0-45E0-9C6F-492F396F3924}.Debug|x64.ActiveCfg = Release|x86
		{76F54DCE-B3C0-45E0-9C6F-492F396F3924}.Debug|x64.Build.0 = Debug|x64
		{76F54DCE-B3C0-45E0-9C6F-492F396F3924}.Debug|x86.ActiveCfg = Debug|x86
		{76F54DCE-B3C0-45E0-9C6F-492F396F3924}.Debug|x86.Build.0 = Debug|x86
		{76F54DCE-B3C0-45E0-9C6F-492F396F3924}.Release|Any CPU.ActiveCfg = Release|x86
		{76F54DCE-B3C0-45E0-9C6F-492F396F3924}.Release|Any CPU.Build.0 = Release|Any CPU
		{76F54DCE-B3C0-45E0-9C6F-492F396F3924}.Release|Mixed Platforms.ActiveCfg = Release|x86
		{76F54DCE-B3C0-45E0-9C6F-492F396F3924}.Release|Mixed Platforms.Build.0 = Release|x86
		{76F54DCE-B3C0-45E0-9C6F-492F396F3924}.Release|Win32.ActiveCfg = Release|x86
		{76F54DCE-B3C0-45E0-9C6F-492F396F3924}.Release|x64.ActiveCfg = Release|x86
		{76F54DCE-B3C0-45E0-9C6F-492F396F3924}.Release|x64.Build.0 = Release|x64
		{76F54DCE-B3C0-45E0-9C6F-492F396F3924}.Release|x86.ActiveCfg = Release|x86
		{76F54DCE-B3C0-45E0-9C6F-492F396F3924}.Release|x86.Build.0 = Release|x86
		{45BC713D-FD06-448C-982A-B4470586AAC7}.Debug|Any CPU.ActiveCfg = Release|x86
		{45BC713D-FD06-448C-982A-B4470586AAC7}.Debug|Any CPU.Build.0 = Debug|Any CPU
		{45BC713D-FD06-448C-982A-B4470586AAC7}.Debug|Mixed Platforms.ActiveCfg = Release|x86
		{45BC713D-FD06-448C-982A-B4470586AAC7}.Debug|Mixed Platforms.Build.0 = Debug|x86
		{45BC713D-FD06-448C-982A-B4470586AAC7}.Debug|Win32.ActiveCfg = Release|x86
		{45BC713D-FD06-448C-982A-B4470586AAC7}.Debug|x64.ActiveCfg = Release|x86
		{45BC713D-FD06-448C-982A-B4470586AAC7}.Debug|x64.Build.0 = Debug|x64
		{45BC713D-FD06-448C-982A-B4470586AAC7}.Debug|x86.ActiveCfg = Debug|x86
		{45BC713D-FD06-448C-982A-B4470586AAC7}.Debug|x86.Build.0 = Debug|x86
		{45BC713D-FD06-448C-982A-B4470586AAC7}.Release|Any CPU.ActiveCfg = Release|x86
		{45BC713D-FD06-448C-982A-B4470586AAC7}.Release|Any CPU.Build.0 = Release|Any CPU
		{45BC713D-FD06-448C-982A-B4470586AAC7}.Release|Mixed Platforms.ActiveCfg = Release|x86
		{45BC713D-FD06-448C-982A-B4470586AAC7}.Release|Mixed Platforms.Build.0 = Release|x86
		{45BC713D-FD06-448C-982A-B4470586AAC7}.Release|Win32.ActiveCfg = Release|x86
		{45BC713D-FD06-448C-982A-B4470586AAC7}.Release|x64.ActiveCfg = Release|x86
		{45BC713D-FD06-448C-982A-B4470586AAC7}.Release|x64.Build.0 = Release|x64
		{45BC713D-FD06-448C-982A-B4470586AAC7}.Release|x86.ActiveCfg = Release|x86
		{45BC713D-FD06-448C-982A-B4470586AAC7}.Release|x86.Build.0 = Release|x86
		{CBCE866B-2955-4C0F-A7B5-374E8E4573C6}.Debug|Any CPU.ActiveCfg = Release|x86
		{CBCE866B-2955-4C0F-A7B5-374E8E4573C6}.Debug|Any CPU.Build.0 = Debug|Any CPU
		{CBCE866B-2955-4C0F-A7B5-374E8E4573C6}.Debug|Mixed Platforms.ActiveCfg = Release|x86
		{CBCE866B-2955-4C0F-A7B5-374E8E4573C6}.Debug|Mixed Platforms.Build.0 = Debug|x86
		{CBCE866B-2955-4C0F-A7B5-374E8E4573C6}.Debug|Win32.ActiveCfg = Release|x86
		{CBCE866B-2955-4C0F-A7B5-374E8E4573C6}.Debug|x64.ActiveCfg = Release|x86
		{CBCE866B-2955-4C0F-A7B5-374E8E4573C6}.Debug|x64.Build.0 = Debug|x64
		{CBCE866B-2955-4C0F-A7B5-374E8E4573C6}.Debug|x86.ActiveCfg = Debug|x86
		{CBCE866B-2955-4C0F-A7B5-374E8E4573C6}.Debug|x86.Build.0 = Debug|x86
		{CBCE866B-2955-4C0F-A7B5-374E8E4573C6}.Release|Any CPU.ActiveCfg = Release|x86
		{CBCE866B-2955-4C0F-A7B5-374E8E4573C6}.Release|Any CPU.Build.0 = Release|Any CPU
		{CBCE866B-2955-4C0F-A7B5-374E8E4573C6}.Release|Mixed Platforms.ActiveCfg = Release|x86
		{CBCE866B-2955-4C0F-A7B5-374E8E4573C6}.Release|Mixed Platforms.Build.0 = Release|x86
		{CBCE866B-2955-4C0F-A7B5-374E8E4573C6}.Release|Win32.ActiveCfg = Release|x86
		{CBCE866B-2955-4C0F-A7B5-374E8E4573C6}.Release|x64.ActiveCfg = Release|x86
		{CBCE866B-2955-4C0F-A7B5-374E8E4573C6}.Release|x64.Build.0 = Release|x64
		{CBCE866B-2955-4C0F-A7B5-374E8E4573C6}.Release|x86.ActiveCfg = Release|x86
		{CBCE866B-2955-4C0F-A7B5-374E8E4573C6}.Release|x86.Build.0 = Release|x86
		{94C8BE6D-3A0B-4971-9E5B-680A991D75AD}.Debug|Any CPU.ActiveCfg = Release|x86
		{94C8BE6D-3A0B-4971-9E5B-680A991D75AD}.Debug|Mixed Platforms.ActiveCfg = Release|x86
		{94C8BE6D-3A0B-4971-9E5B-680A991D75AD}.Debug|Mixed Platforms.Build.0 = Debug|x86
		{94C8BE6D-3A0B-4971-9E5B-680A991D75AD}.Debug|Win32.ActiveCfg = Release|x86
		{94C8BE6D-3A0B-4971-9E5B-680A991D75AD}.Debug|x64.ActiveCfg = Release|x86
		{94C8BE6D-3A0B-4971-9E5B-680A991D75AD}.Debug|x64.Build.0 = Debug|x64
		{94C8BE6D-3A0B-4971-9E5B-680A991D75AD}.Debug|x86.ActiveCfg = Debug|x86
		{94C8BE6D-3A0B-4971-9E5B-680A991D75AD}.Debug|x86.Build.0 = Debug|x86
		{94C8BE6D-3A0B-4971-9E5B-680A991D75AD}.Release|Any CPU.ActiveCfg = Release|x86
		{94C8BE6D-3A0B-4971-9E5B-680A991D75AD}.Release|Mixed Platforms.ActiveCfg = Release|x86
		{94C8BE6D-3A0B-4971-9E5B-680A991D75AD}.Release|Mixed Platforms.Build.0 = Release|x86
		{94C8BE6D-3A0B-4971-9E5B-680A991D75AD}.Release|Win32.ActiveCfg = Release|x86
		{94C8BE6D-3A0B-4971-9E5B-680A991D75AD}.Release|x64.ActiveCfg = Release|x86
		{94C8BE6D-3A0B-4971-9E5B-680A991D75AD}.Release|x64.Build.0 = Release|x64
		{94C8BE6D-3A0B-4971-9E5B-680A991D75AD}.Release|x86.ActiveCfg = Release|x86
		{94C8BE6D-3A0B-4971-9E5B-680A991D75AD}.Release|x86.Build.0 = Release|x86
		{11C21A01-4ABE-47AD-A0F8-55C6183BA4B9}.Debug|Any CPU.ActiveCfg = Release|x86
		{11C21A01-4ABE-47AD-A0F8-55C6183BA4B9}.Debug|Mixed Platforms.ActiveCfg = Release|x86
		{11C21A01-4ABE-47AD-A0F8-55C6183BA4B9}.Debug|Mixed Platforms.Build.0 = Debug|x86
		{11C21A01-4ABE-47AD-A0F8-55C6183BA4B9}.Debug|Win32.ActiveCfg = Release|x86
		{11C21A01-4ABE-47AD-A0F8-55C6183BA4B9}.Debug|x64.ActiveCfg = Release|x86
		{11C21A01-4ABE-47AD-A0F8-55C6183BA4B9}.Debug|x64.Build.0 = Debug|x64
		{11C21A01-4ABE-47AD-A0F8-55C6183BA4B9}.Debug|x86.ActiveCfg = Debug|x86
		{11C21A01-4ABE-47AD-A0F8-55C6183BA4B9}.Debug|x86.Build.0 = Debug|x86
		{11C21A01-4ABE-47AD-A0F8-55C6183BA4B9}.Release|Any CPU.ActiveCfg = Release|x86
		{11C21A01-4ABE-47AD-A0F8-55C6183BA4B9}.Release|Mixed Platforms.ActiveCfg = Release|x86
		{11C21A01-4ABE-47AD-A0F8-55C6183BA4B9}.Release|Mixed Platforms.Build.0 = Release|x86
		{11C21A01-4ABE-47AD-A0F8-55C6183BA4B9}.Release|Win32.ActiveCfg = Release|x86
		{11C21A01-4ABE-47AD-A0F8-55C6183BA4B9}.Release|x64.ActiveCfg = Release|x86
		{11C21A01-4ABE-47AD-A0F8-55C6183BA4B9}.Release|x64.Build.0 = Release|x64
		{11C21A01-4ABE-47AD-A0F8-55C6183BA4B9}.Release|x86.ActiveCfg = Release|x86
		{11C21A01-4ABE-47AD-A0F8-55C6183BA4B9}.Release|x86.Build.0 = Release|x86
		{D3FBDF96-9334-45F3-AC8A-A0299EE235E0}.Debug|Any CPU.ActiveCfg = Release|x86
		{D3FBDF96-9334-45F3-AC8A-A0299EE235E0}.Debug|Mixed Platforms.ActiveCfg = Release|x86
		{D3FBDF96-9334-45F3-AC8A-A0299EE235E0}.Debug|Mixed Platforms.Build.0 = Debug|x86
		{D3FBDF96-9334-45F3-AC8A-A0299EE235E0}.Debug|Win32.ActiveCfg = Release|x86
		{D3FBDF96-9334-45F3-AC8A-A0299EE235E0}.Debug|x64.ActiveCfg = Release|x86
		{D3FBDF96-9334-45F3-AC8A-A0299EE235E0}.Debug|x64.Build.0 = Debug|x64
		{D3FBDF96-9334-45F3-AC8A-A0299EE235E0}.Debug|x86.ActiveCfg = Debug|x86
		{D3FBDF96-9334-45F3-AC8A-A0299EE235E0}.Debug|x86.Build.0 = Debug|x86
		{D3FBDF96-9334-45F3-AC8A-A0299EE235E0}.Release|Any CPU.ActiveCfg = Release|x86
		{D3FBDF96-9334-45F3-AC8A-A0299EE235E0}.Release|Mixed Platforms.ActiveCfg = Release|x86
		{D3FBDF96-9334-45F3-AC8A-A0299EE235E0}.Release|Mixed Platforms.Build.0 = Release|x86
		{D3FBDF96-9334-45F3-AC8A-A0299EE235E0}.Release|Win32.ActiveCfg = Release|x86
		{D3FBDF96-9334-45F3-AC8A-A0299EE235E0}.Release|x64.ActiveCfg = Release|x86
		{D3FBDF96-9334-45F3-AC8A-A0299EE235E0}.Release|x64.Build.0 = Release|x64
		{D3FBDF96-9334-45F3-AC8A-A0299EE235E0}.Release|x86.ActiveCfg = Release|x86
		{D3FBDF96-9334-45F3-AC8A-A0299EE235E0}.Release|x86.Build.0 = Release|x86
		{8F3F3BF1-F9F2-4F44-BC50-55D8B441A2EB}.Debug|Any CPU.ActiveCfg = Release|x86
		{8F3F3BF1-F9F2-4F44-BC50-55D8B441A2EB}.Debug|Any CPU.Build.0 = Debug|Any CPU
		{8F3F3BF1-F9F2-4F44-BC50-55D8B441A2EB}.Debug|Mixed Platforms.ActiveCfg = Release|x86
		{8F3F3BF1-F9F2-4F44-BC50-55D8B441A2EB}.Debug|Mixed Platforms.Build.0 = Debug|Any CPU
		{8F3F3BF1-F9F2-4F44-BC50-55D8B441A2EB}.Debug|Win32.ActiveCfg = Release|x86
		{8F3F3BF1-F9F2-4F44-BC50-55D8B441A2EB}.Debug|x64.ActiveCfg = Release|x86
		{8F3F3BF1-F9F2-4F44-BC50-55D8B441A2EB}.Debug|x64.Build.0 = Debug|x64
		{8F3F3BF1-F9F2-4F44-BC50-55D8B441A2EB}.Debug|x86.ActiveCfg = Debug|x86
		{8F3F3BF1-F9F2-4F44-BC50-55D8B441A2EB}.Debug|x86.Build.0 = Debug|x86
		{8F3F3BF1-F9F2-4F44-BC50-55D8B441A2EB}.Release|Any CPU.ActiveCfg = Release|x86
		{8F3F3BF1-F9F2-4F44-BC50-55D8B441A2EB}.Release|Any CPU.Build.0 = Release|Any CPU
		{8F3F3BF1-F9F2-4F44-BC50-55D8B441A2EB}.Release|Mixed Platforms.ActiveCfg = Release|x86
		{8F3F3BF1-F9F2-4F44-BC50-55D8B441A2EB}.Release|Mixed Platforms.Build.0 = Release|Any CPU
		{8F3F3BF1-F9F2-4F44-BC50-55D8B441A2EB}.Release|Win32.ActiveCfg = Release|x86
		{8F3F3BF1-F9F2-4F44-BC50-55D8B441A2EB}.Release|x64.ActiveCfg = Release|x86
		{8F3F3BF1-F9F2-4F44-BC50-55D8B441A2EB}.Release|x64.Build.0 = Release|x64
		{8F3F3BF1-F9F2-4F44-BC50-55D8B441A2EB}.Release|x86.ActiveCfg = Release|x86
		{8F3F3BF1-F9F2-4F44-BC50-55D8B441A2EB}.Release|x86.Build.0 = Release|x86
		{9323DF8C-3D42-4F56-AAD4-7A0F407D5190}.Debug|Any CPU.ActiveCfg = Release|x86
		{9323DF8C-3D42-4F56-AAD4-7A0F407D5190}.Debug|Any CPU.Build.0 = Debug|Any CPU
		{9323DF8C-3D42-4F56-AAD4-7A0F407D5190}.Debug|Mixed Platforms.ActiveCfg = Release|x86
		{9323DF8C-3D42-4F56-AAD4-7A0F407D5190}.Debug|Mixed Platforms.Build.0 = Debug|Any CPU
		{9323DF8C-3D42-4F56-AAD4-7A0F407D5190}.Debug|Win32.ActiveCfg = Release|x86
		{9323DF8C-3D42-4F56-AAD4-7A0F407D5190}.Debug|x64.ActiveCfg = Release|x86
		{9323DF8C-3D42-4F56-AAD4-7A0F407D5190}.Debug|x64.Build.0 = Debug|x64
		{9323DF8C-3D42-4F56-AAD4-7A0F407D5190}.Debug|x86.ActiveCfg = Debug|x86
		{9323DF8C-3D42-4F56-AAD4-7A0F407D5190}.Debug|x86.Build.0 = Debug|x86
		{9323DF8C-3D42-4F56-AAD4-7A0F407D5190}.Release|Any CPU.ActiveCfg = Release|x86
		{9323DF8C-3D42-4F56-AAD4-7A0F407D5190}.Release|Any CPU.Build.0 = Release|Any CPU
		{9323DF8C-3D42-4F56-AAD4-7A0F407D5190}.Release|Mixed Platforms.ActiveCfg = Release|x86
		{9323DF8C-3D42-4F56-AAD4-7A0F407D5190}.Release|Mixed Platforms.Build.0 = Release|Any CPU
		{9323DF8C-3D42-4F56-AAD4-7A0F407D5190}.Release|Win32.ActiveCfg = Release|x86
		{9323DF8C-3D42-4F56-AAD4-7A0F407D5190}.Release|x64.ActiveCfg = Release|x86
		{9323DF8C-3D42-4F56-AAD4-7A0F407D5190}.Release|x64.Build.0 = Release|x64
		{9323DF8C-3D42-4F56-AAD4-7A0F407D5190}.Release|x86.ActiveCfg = Release|x86
		{9323DF8C-3D42-4F56-AAD4-7A0F407D5190}.Release|x86.Build.0 = Release|x86
		{B8F6A1FE-09D1-45C8-8062-B2AFB5E688DB}.Debug|Any CPU.ActiveCfg = Release|x86
		{B8F6A1FE-09D1-45C8-8062-B2AFB5E688DB}.Debug|Any CPU.Build.0 = Debug|Any CPU
		{B8F6A1FE-09D1-45C8-8062-B2AFB5E688DB}.Debug|Mixed Platforms.ActiveCfg = Release|x86
		{B8F6A1FE-09D1-45C8-8062-B2AFB5E688DB}.Debug|Mixed Platforms.Build.0 = Debug|Any CPU
		{B8F6A1FE-09D1-45C8-8062-B2AFB5E688DB}.Debug|Win32.ActiveCfg = Release|x86
		{B8F6A1FE-09D1-45C8-8062-B2AFB5E688DB}.Debug|x64.ActiveCfg = Release|x86
		{B8F6A1FE-09D1-45C8-8062-B2AFB5E688DB}.Debug|x86.ActiveCfg = Debug|x86
		{B8F6A1FE-09D1-45C8-8062-B2AFB5E688DB}.Release|Any CPU.ActiveCfg = Release|x86
		{B8F6A1FE-09D1-45C8-8062-B2AFB5E688DB}.Release|Any CPU.Build.0 = Release|Any CPU
		{B8F6A1FE-09D1-45C8-8062-B2AFB5E688DB}.Release|Mixed Platforms.ActiveCfg = Release|x86
		{B8F6A1FE-09D1-45C8-8062-B2AFB5E688DB}.Release|Mixed Platforms.Build.0 = Release|Any CPU
		{B8F6A1FE-09D1-45C8-8062-B2AFB5E688DB}.Release|Win32.ActiveCfg = Release|x86
		{B8F6A1FE-09D1-45C8-8062-B2AFB5E688DB}.Release|x64.ActiveCfg = Release|x86
		{B8F6A1FE-09D1-45C8-8062-B2AFB5E688DB}.Release|x64.Build.0 = Release|x64
		{B8F6A1FE-09D1-45C8-8062-B2AFB5E688DB}.Release|x86.ActiveCfg = Release|x86
		{B8F6A1FE-09D1-45C8-8062-B2AFB5E688DB}.Release|x86.Build.0 = Release|x86
		{D6E9A097-BA4D-4641-B4D0-73EA307B9604}.Debug|Any CPU.ActiveCfg = Release|Any CPU
		{D6E9A097-BA4D-4641-B4D0-73EA307B9604}.Debug|Any CPU.Build.0 = Debug|Any CPU
		{D6E9A097-BA4D-4641-B4D0-73EA307B9604}.Debug|Mixed Platforms.ActiveCfg = Release|Any CPU
		{D6E9A097-BA4D-4641-B4D0-73EA307B9604}.Debug|Mixed Platforms.Build.0 = Debug|Any CPU
		{D6E9A097-BA4D-4641-B4D0-73EA307B9604}.Debug|Win32.ActiveCfg = Release|Any CPU
		{D6E9A097-BA4D-4641-B4D0-73EA307B9604}.Debug|x64.ActiveCfg = Release|Any CPU
		{D6E9A097-BA4D-4641-B4D0-73EA307B9604}.Debug|x86.ActiveCfg = Debug|Any CPU
		{D6E9A097-BA4D-4641-B4D0-73EA307B9604}.Release|Any CPU.ActiveCfg = Release|Any CPU
		{D6E9A097-BA4D-4641-B4D0-73EA307B9604}.Release|Any CPU.Build.0 = Release|Any CPU
		{D6E9A097-BA4D-4641-B4D0-73EA307B9604}.Release|Mixed Platforms.ActiveCfg = Release|Any CPU
		{D6E9A097-BA4D-4641-B4D0-73EA307B9604}.Release|Mixed Platforms.Build.0 = Release|Any CPU
		{D6E9A097-BA4D-4641-B4D0-73EA307B9604}.Release|Win32.ActiveCfg = Release|Any CPU
		{D6E9A097-BA4D-4641-B4D0-73EA307B9604}.Release|x64.ActiveCfg = Release|Any CPU
		{D6E9A097-BA4D-4641-B4D0-73EA307B9604}.Release|x64.Build.0 = Release|Any CPU
		{D6E9A097-BA4D-4641-B4D0-73EA307B9604}.Release|x86.ActiveCfg = Release|Any CPU
		{D6E9A097-BA4D-4641-B4D0-73EA307B9604}.Release|x86.Build.0 = Release|Any CPU
		{FC08AFC9-6B10-4170-9A79-73A01B47CDF9}.Debug|Any CPU.ActiveCfg = Release|x86
		{FC08AFC9-6B10-4170-9A79-73A01B47CDF9}.Debug|Any CPU.Build.0 = Release|x86
		{FC08AFC9-6B10-4170-9A79-73A01B47CDF9}.Debug|Mixed Platforms.ActiveCfg = Release|x86
		{FC08AFC9-6B10-4170-9A79-73A01B47CDF9}.Debug|Mixed Platforms.Build.0 = Release|x86
		{FC08AFC9-6B10-4170-9A79-73A01B47CDF9}.Debug|Win32.ActiveCfg = Release|x86
		{FC08AFC9-6B10-4170-9A79-73A01B47CDF9}.Debug|Win32.Build.0 = Release|x86
		{FC08AFC9-6B10-4170-9A79-73A01B47CDF9}.Debug|x64.ActiveCfg = Release|x86
		{FC08AFC9-6B10-4170-9A79-73A01B47CDF9}.Debug|x64.Build.0 = Release|x86
		{FC08AFC9-6B10-4170-9A79-73A01B47CDF9}.Debug|x86.ActiveCfg = Debug|x86
		{FC08AFC9-6B10-4170-9A79-73A01B47CDF9}.Debug|x86.Build.0 = Debug|x86
		{FC08AFC9-6B10-4170-9A79-73A01B47CDF9}.Release|Any CPU.ActiveCfg = Release|x86
		{FC08AFC9-6B10-4170-9A79-73A01B47CDF9}.Release|Any CPU.Build.0 = Release|x86
		{FC08AFC9-6B10-4170-9A79-73A01B47CDF9}.Release|Mixed Platforms.ActiveCfg = Release|x86
		{FC08AFC9-6B10-4170-9A79-73A01B47CDF9}.Release|Mixed Platforms.Build.0 = Release|x86
		{FC08AFC9-6B10-4170-9A79-73A01B47CDF9}.Release|Win32.ActiveCfg = Release|x86
		{FC08AFC9-6B10-4170-9A79-73A01B47CDF9}.Release|Win32.Build.0 = Release|x86
		{FC08AFC9-6B10-4170-9A79-73A01B47CDF9}.Release|x64.ActiveCfg = Release|x86
		{FC08AFC9-6B10-4170-9A79-73A01B47CDF9}.Release|x64.Build.0 = Release|x86
		{FC08AFC9-6B10-4170-9A79-73A01B47CDF9}.Release|x86.ActiveCfg = Release|x86
		{FC08AFC9-6B10-4170-9A79-73A01B47CDF9}.Release|x86.Build.0 = Release|x86
		{10DE60EF-D6C1-4D92-A6C3-149E81960879}.Debug|Any CPU.ActiveCfg = Debug|Win32
		{10DE60EF-D6C1-4D92-A6C3-149E81960879}.Debug|Mixed Platforms.ActiveCfg = Debug|Win32
		{10DE60EF-D6C1-4D92-A6C3-149E81960879}.Debug|Mixed Platforms.Build.0 = Debug|Win32
		{10DE60EF-D6C1-4D92-A6C3-149E81960879}.Debug|Win32.ActiveCfg = Debug|Win32
		{10DE60EF-D6C1-4D92-A6C3-149E81960879}.Debug|Win32.Build.0 = Debug|Win32
		{10DE60EF-D6C1-4D92-A6C3-149E81960879}.Debug|x64.ActiveCfg = Debug|x64
		{10DE60EF-D6C1-4D92-A6C3-149E81960879}.Debug|x64.Build.0 = Debug|x64
		{10DE60EF-D6C1-4D92-A6C3-149E81960879}.Debug|x86.ActiveCfg = Debug|Win32
		{10DE60EF-D6C1-4D92-A6C3-149E81960879}.Debug|x86.Build.0 = Debug|Win32
		{10DE60EF-D6C1-4D92-A6C3-149E81960879}.Release|Any CPU.ActiveCfg = Release|Win32
		{10DE60EF-D6C1-4D92-A6C3-149E81960879}.Release|Mixed Platforms.ActiveCfg = Release|Win32
		{10DE60EF-D6C1-4D92-A6C3-149E81960879}.Release|Mixed Platforms.Build.0 = Release|Win32
		{10DE60EF-D6C1-4D92-A6C3-149E81960879}.Release|Win32.ActiveCfg = Release|Win32
		{10DE60EF-D6C1-4D92-A6C3-149E81960879}.Release|Win32.Build.0 = Release|Win32
		{10DE60EF-D6C1-4D92-A6C3-149E81960879}.Release|x64.ActiveCfg = Release|x64
		{10DE60EF-D6C1-4D92-A6C3-149E81960879}.Release|x64.Build.0 = Release|x64
		{10DE60EF-D6C1-4D92-A6C3-149E81960879}.Release|x86.ActiveCfg = Release|Win32
		{10DE60EF-D6C1-4D92-A6C3-149E81960879}.Release|x86.Build.0 = Release|Win32
	EndGlobalSection
	GlobalSection(SolutionProperties) = preSolution
		HideSolutionNode = FALSE
	EndGlobalSection
	GlobalSection(IntelOptPkgProperties) = preSolution
		LoadPackage = true
	EndGlobalSection
EndGlobal
